
Microsoft Visual Studio Solution File, Format Version 12.00
# Visual Studio Version 17
VisualStudioVersion = 17.4.33403.182
MinimumVisualStudioVersion = 10.0.40219.1
Project("{FAE04EC0-301F-11D3-BF4B-00C04F79EFBC}") = "My_first_WindowsFormsApp1", "My_first_WindowsFormsApp1.csproj", "{367371D4-4173-4104-988F-388ACE8E492F}"
EndProject
Global
	GlobalSection(SolutionConfigurationPlatforms) = preSolution
		Debug|Any CPU = Debug|Any CPU
		Release|Any CPU = Release|Any CPU
	EndGlobalSection
	GlobalSection(ProjectConfigurationPlatforms) = postSolution
		{367371D4-4173-4104-988F-388ACE8E492F}.Debug|Any CPU.ActiveCfg = Debug|Any CPU
		{367371D4-4173-4104-988F-388ACE8E492F}.Debug|Any CPU.Build.0 = Debug|Any CPU
		{367371D4-4173-4104-988F-388ACE8E492F}.Release|Any CPU.ActiveCfg = Release|Any CPU
		{367371D4-4173-4104-988F-388ACE8E492F}.Release|Any CPU.Build.0 = Release|Any CPU
	EndGlobalSection
	GlobalSection(SolutionProperties) = preSolution
		HideSolutionNode = FALSE
	EndGlobalSection
	GlobalSection(ExtensibilityGlobals) = postSolution
		SolutionGuid = {6830464B-A6A5-4535-BDEF-8A4C1B191C53}
	EndGlobalSection
EndGlobal
