
Microsoft Visual Studio Solution File, Format Version 12.00
# Visual Studio Version 17
VisualStudioVersion = 17.4.33403.182
MinimumVisualStudioVersion = 10.0.40219.1
Project("{FAE04EC0-301F-11D3-BF4B-00C04F79EFBC}") = "single_and_multi-line_comment", "single_and_multi-line_comment.csproj", "{EA24E6FB-D04F-473F-ACB8-EB13290FA330}"
EndProject
Global
	GlobalSection(SolutionConfigurationPlatforms) = preSolution
		Debug|Any CPU = Debug|Any CPU
		Release|Any CPU = Release|Any CPU
	EndGlobalSection
	GlobalSection(ProjectConfigurationPlatforms) = postSolution
		{EA24E6FB-D04F-473F-ACB8-EB13290FA330}.Debug|Any CPU.ActiveCfg = Debug|Any CPU
		{EA24E6FB-D04F-473F-ACB8-EB13290FA330}.Debug|Any CPU.Build.0 = Debug|Any CPU
		{EA24E6FB-D04F-473F-ACB8-EB13290FA330}.Release|Any CPU.ActiveCfg = Release|Any CPU
		{EA24E6FB-D04F-473F-ACB8-EB13290FA330}.Release|Any CPU.Build.0 = Release|Any CPU
	EndGlobalSection
	GlobalSection(SolutionProperties) = preSolution
		HideSolutionNode = FALSE
	EndGlobalSection
	GlobalSection(ExtensibilityGlobals) = postSolution
		SolutionGuid = {8E429506-BBF9-4CDE-91FC-5E9B35DEB825}
	EndGlobalSection
EndGlobal
