
Microsoft Visual Studio Solution File, Format Version 12.00
# Visual Studio Version 17
VisualStudioVersion = 17.4.33403.182
MinimumVisualStudioVersion = 10.0.40219.1
Project("{FAE04EC0-301F-11D3-BF4B-00C04F79EFBC}") = "Classes_and_objects", "Classes_and_objects.csproj", "{96979701-880F-4D30-9AF9-9D87EE78C027}"
EndProject
Global
	GlobalSection(SolutionConfigurationPlatforms) = preSolution
		Debug|Any CPU = Debug|Any CPU
		Release|Any CPU = Release|Any CPU
	EndGlobalSection
	GlobalSection(ProjectConfigurationPlatforms) = postSolution
		{96979701-880F-4D30-9AF9-9D87EE78C027}.Debug|Any CPU.ActiveCfg = Debug|Any CPU
		{96979701-880F-4D30-9AF9-9D87EE78C027}.Debug|Any CPU.Build.0 = Debug|Any CPU
		{96979701-880F-4D30-9AF9-9D87EE78C027}.Release|Any CPU.ActiveCfg = Release|Any CPU
		{96979701-880F-4D30-9AF9-9D87EE78C027}.Release|Any CPU.Build.0 = Release|Any CPU
	EndGlobalSection
	GlobalSection(SolutionProperties) = preSolution
		HideSolutionNode = FALSE
	EndGlobalSection
	GlobalSection(ExtensibilityGlobals) = postSolution
		SolutionGuid = {516D7010-AA03-4E00-9944-1A667DBF391A}
	EndGlobalSection
EndGlobal
